
Microsoft Visual Studio Solution File, Format Version 12.00
Project("{FAE04EC0-301F-11D3-BF4B-00C04F79EFBC}") = "S1", "S1\S1.csproj", "{3C549F2B-40ED-49F2-A53B-79DEE0B5747D}"
EndProject
Project("{FAE04EC0-301F-11D3-BF4B-00C04F79EFBC}") = "TestProject1", "TestProject1\TestProject1.csproj", "{2BC45646-243A-4020-9EF1-59D5AA5DAD5B}"
EndProject
Global
	GlobalSection(SolutionConfigurationPlatforms) = preSolution
		Debug|Any CPU = Debug|Any CPU
		Release|Any CPU = Release|Any CPU
	EndGlobalSection
	GlobalSection(ProjectConfigurationPlatforms) = postSolution
		{3C549F2B-40ED-49F2-A53B-79DEE0B5747D}.Debug|Any CPU.ActiveCfg = Debug|Any CPU
		{3C549F2B-40ED-49F2-A53B-79DEE0B5747D}.Debug|Any CPU.Build.0 = Debug|Any CPU
		{3C549F2B-40ED-49F2-A53B-79DEE0B5747D}.Release|Any CPU.ActiveCfg = Release|Any CPU
		{3C549F2B-40ED-49F2-A53B-79DEE0B5747D}.Release|Any CPU.Build.0 = Release|Any CPU
		{2BC45646-243A-4020-9EF1-59D5AA5DAD5B}.Debug|Any CPU.ActiveCfg = Debug|Any CPU
		{2BC45646-243A-4020-9EF1-59D5AA5DAD5B}.Debug|Any CPU.Build.0 = Debug|Any CPU
		{2BC45646-243A-4020-9EF1-59D5AA5DAD5B}.Release|Any CPU.ActiveCfg = Release|Any CPU
		{2BC45646-243A-4020-9EF1-59D5AA5DAD5B}.Release|Any CPU.Build.0 = Release|Any CPU
	EndGlobalSection
EndGlobal
